<?xml version="1.0" encoding="utf-8"?>
<Project ToolsVersion="4.0" xmlns="http://schemas.microsoft.com/developer/msbuild/2003">
  <ItemGroup>
    <ClCompile Include="AI.cpp" />
    <ClCompile Include="BagOfLetters.cpp" />
    <ClCompile Include="Board.cpp" />
    <ClCompile Include="Gaddag.cpp" />
    <ClCompile Include="GaddagNode.cpp" />
    <ClCompile Include="GameManager.cpp" />
    <ClCompile Include="MonteCarlo.cpp" />
    <ClCompile Include="move.cpp" />
    <ClCompile Include="Play.cpp" />
    <ClCompile Include="Player.cpp" />
    <ClCompile Include="ProbabilityManager.cpp" />
    <ClCompile Include="Rack.cpp" />
    <ClCompile Include="ScoreManager.cpp" />
    <ClCompile Include="Square.cpp" />
    <ClCompile Include="Utilities.cpp" />
    <ClCompile Include="Main.cpp" />
    <ClCompile Include="TileLookUp.cpp" />
    <ClCompile Include="PreEndGameManager.cpp" />
    <ClCompile Include="Heuristics.cpp" />
    <ClCompile Include="EndSimulation.cpp" />
  </ItemGroup>
  <ItemGroup>
    <ClCompile Include="Main.cpp">
      <Filter>Source Files</Filter>
    </ClCompile>
    <ClCompile Include="Square.cpp">
      <Filter>Source Files</Filter>
    </ClCompile>
    <ClCompile Include="Board.cpp">
      <Filter>Source Files</Filter>
    </ClCompile>
    <ClCompile Include="TileLookUp.cpp">
      <Filter>Source Files</Filter>
    </ClCompile>
    <ClCompile Include="Player.cpp">
      <Filter>Source Files</Filter>
    </ClCompile>
    <ClCompile Include="Rack.cpp">
      <Filter>Source Files</Filter>
    </ClCompile>
    <ClCompile Include="ScoreManager.cpp">
      <Filter>Source Files</Filter>
    </ClCompile>
    <ClCompile Include="GameManager.cpp">
      <Filter>Source Files</Filter>
    </ClCompile>
    <ClCompile Include="AI.cpp">
      <Filter>Source Files</Filter>
    </ClCompile>
    <ClCompile Include="move.cpp">
      <Filter>Source Files</Filter>
    </ClCompile>
    <ClCompile Include="Play.cpp">
      <Filter>Source Files</Filter>
    </ClCompile>
    <ClCompile Include="BagOfLetters.cpp">
      <Filter>Source Files</Filter>
    </ClCompile>
    <ClCompile Include="Gaddag.cpp">
      <Filter>Source Files</Filter>
    </ClCompile>
    <ClCompile Include="GaddagNode.cpp">
      <Filter>Source Files</Filter>
    </ClCompile>
    <ClCompile Include="ProbabilityManager.cpp">
      <Filter>Source Files</Filter>
    </ClCompile>
    <ClCompile Include="Utilities.cpp">
      <Filter>Source Files</Filter>
    </ClCompile>
    <ClCompile Include="Heuristics.cpp">
      <Filter>Source Files</Filter>
    </ClCompile>
    <ClCompile Include="EndSimulation.cpp">
      <Filter>Source Files</Filter>
    </ClCompile>
    <ClCompile Include="MonteCarlo.cpp">
      <Filter>Source Files</Filter>
    </ClCompile>
    <ClCompile Include="BStarNode.cpp">
      <Filter>Source Files</Filter>
    </ClCompile>
  </ItemGroup>
  <ItemGroup>
    <ClInclude Include="Square.h">
      <Filter>Header Files</Filter>
    </ClInclude>
    <ClInclude Include="Board.h">
      <Filter>Header Files</Filter>
    </ClInclude>
    <ClInclude Include="Constants.h">
      <Filter>Header Files</Filter>
    </ClInclude>
    <ClInclude Include="TileLookUp.h">
      <Filter>Header Files</Filter>
    </ClInclude>
    <ClInclude Include="Player.h">
      <Filter>Header Files</Filter>
    </ClInclude>
    <ClInclude Include="Rack.h">
      <Filter>Header Files</Filter>
    </ClInclude>
    <ClInclude Include="ScoreManager.h">
      <Filter>Header Files</Filter>
    </ClInclude>
    <ClInclude Include="GameManager.h">
      <Filter>Header Files</Filter>
    </ClInclude>
    <ClInclude Include="AI.h">
      <Filter>Header Files</Filter>
    </ClInclude>
    <ClInclude Include="move.h">
      <Filter>Header Files</Filter>
    </ClInclude>
    <ClInclude Include="Play.h">
      <Filter>Header Files</Filter>
    </ClInclude>
    <ClInclude Include="BagOfLetters.h">
      <Filter>Header Files</Filter>
    </ClInclude>
    <ClInclude Include="Gaddag.h">
      <Filter>Header Files</Filter>
    </ClInclude>
    <ClInclude Include="GaddagNode.h">
      <Filter>Header Files</Filter>
    </ClInclude>
    <ClInclude Include="ProbabilityManager.h">
      <Filter>Header Files</Filter>
    </ClInclude>
    <ClInclude Include="Utilities.h">
      <Filter>Header Files</Filter>
    </ClInclude>
    <ClInclude Include="Heuristics.h">
      <Filter>Header Files</Filter>
    </ClInclude>
    <ClInclude Include="EndSimulation.h">
      <Filter>Header Files</Filter>
    </ClInclude>
    <ClInclude Include="MonteCarlo.h">
      <Filter>Header Files</Filter>
    </ClInclude>
    <ClInclude Include="BStarNode.h">
      <Filter>Header Files</Filter>
    </ClInclude>
    <ClInclude Include="PreEndGameManager.h" />
  </ItemGroup>
</Project>